{
  "name": "lottery-wheel",
  "version": "1.0.0",
  "lockfileVersion": 3,
  "requires": true,
  "packages": {
    "": {
      "name": "lottery-wheel",
      "version": "1.0.0",
      "dependencies": {
        "@vercel/kv": "^3.0.0"
      }
    },
    "node_modules/@upstash/redis": {
      "version": "1.35.8",
      "resolved": "https://registry.npmjs.org/@upstash/redis/-/redis-1.35.8.tgz",
      "integrity": "sha512-QqLpVCD9PCPE6hlRzOkz864nfijSdazxtyJLIy9ZeTh6kU2nBIKKfjT5HMHjIRD4BCm6TK1dbUT9pxhFjcvpng==",
      "license": "MIT",
      "dependencies": {
        "uncrypto": "^0.1.3"
      }
    },
    "node_modules/@vercel/kv": {
      "version": "3.0.0",
      "resolved": "https://registry.npmjs.org/@vercel/kv/-/kv-3.0.0.tgz",
      "integrity": "sha512-pKT8fRnfyYk2MgvyB6fn6ipJPCdfZwiKDdw7vB+HL50rjboEBHDVBEcnwfkEpVSp2AjNtoaOUH7zG+bVC/rvSg==",
      "license": "Apache-2.0",
      "dependencies": {
        "@upstash/redis": "^1.34.0"
      },
      "engines": {
        "node": ">=14.6"
      }
    },
    "node_modules/uncrypto": {
      "version": "0.1.3",
      "resolved": "https://registry.npmjs.org/uncrypto/-/uncrypto-0.1.3.tgz",
      "integrity": "sha512-Ql87qFHB3s/De2ClA9e0gsnS6zXG27SkTiSJwjCc9MebbfapQfuPzumMIUMi38ezPZVNFcHI9sUIepeQfw8J8Q==",
      "license": "MIT"
    }
  }
}
